
Microsoft Visual Studio Solution File, Format Version 12.00
# Visual Studio Version 17
VisualStudioVersion = 17.4.33205.214
MinimumVisualStudioVersion = 10.0.40219.1
Project("{9A19103F-16F7-4668-BE54-9A1E7A4F7556}") = "hhSalonAPI", "hhSalonAPI\hhSalonAPI.csproj", "{B7A3CBDE-CDD2-466C-93D9-3F6E5F91A790}"
EndProject
Project("{9A19103F-16F7-4668-BE54-9A1E7A4F7556}") = "hhSalon.Services", "hhSalon.Services\hhSalon.Services.csproj", "{D44CEC55-F179-486F-A933-810B1C6D6857}"
EndProject
Project("{9A19103F-16F7-4668-BE54-9A1E7A4F7556}") = "hhSalon.Domain", "hhSalon.Domain\hhSalon.Domain.csproj", "{34875295-AF76-4B76-ADC1-3C5B5FC7A53B}"
EndProject
Project("{FAE04EC0-301F-11D3-BF4B-00C04F79EFBC}") = "hhSalon.Tests", "hhSalon.Tests\hhSalon.Tests.csproj", "{82E4BED1-8F86-4FF6-A449-ADA3BCC50749}"
EndProject
Global
	GlobalSection(SolutionConfigurationPlatforms) = preSolution
		Debug|Any CPU = Debug|Any CPU
		Release|Any CPU = Release|Any CPU
	EndGlobalSection
	GlobalSection(ProjectConfigurationPlatforms) = postSolution
		{B7A3CBDE-CDD2-466C-93D9-3F6E5F91A790}.Debug|Any CPU.ActiveCfg = Debug|Any CPU
		{B7A3CBDE-CDD2-466C-93D9-3F6E5F91A790}.Debug|Any CPU.Build.0 = Debug|Any CPU
		{B7A3CBDE-CDD2-466C-93D9-3F6E5F91A790}.Release|Any CPU.ActiveCfg = Release|Any CPU
		{B7A3CBDE-CDD2-466C-93D9-3F6E5F91A790}.Release|Any CPU.Build.0 = Release|Any CPU
		{D44CEC55-F179-486F-A933-810B1C6D6857}.Debug|Any CPU.ActiveCfg = Debug|Any CPU
		{D44CEC55-F179-486F-A933-810B1C6D6857}.Debug|Any CPU.Build.0 = Debug|Any CPU
		{D44CEC55-F179-486F-A933-810B1C6D6857}.Release|Any CPU.ActiveCfg = Release|Any CPU
		{D44CEC55-F179-486F-A933-810B1C6D6857}.Release|Any CPU.Build.0 = Release|Any CPU
		{34875295-AF76-4B76-ADC1-3C5B5FC7A53B}.Debug|Any CPU.ActiveCfg = Debug|Any CPU
		{34875295-AF76-4B76-ADC1-3C5B5FC7A53B}.Debug|Any CPU.Build.0 = Debug|Any CPU
		{34875295-AF76-4B76-ADC1-3C5B5FC7A53B}.Release|Any CPU.ActiveCfg = Release|Any CPU
		{34875295-AF76-4B76-ADC1-3C5B5FC7A53B}.Release|Any CPU.Build.0 = Release|Any CPU
		{82E4BED1-8F86-4FF6-A449-ADA3BCC50749}.Debug|Any CPU.ActiveCfg = Debug|Any CPU
		{82E4BED1-8F86-4FF6-A449-ADA3BCC50749}.Debug|Any CPU.Build.0 = Debug|Any CPU
		{82E4BED1-8F86-4FF6-A449-ADA3BCC50749}.Release|Any CPU.ActiveCfg = Release|Any CPU
		{82E4BED1-8F86-4FF6-A449-ADA3BCC50749}.Release|Any CPU.Build.0 = Release|Any CPU
	EndGlobalSection
	GlobalSection(SolutionProperties) = preSolution
		HideSolutionNode = FALSE
	EndGlobalSection
	GlobalSection(ExtensibilityGlobals) = postSolution
		SolutionGuid = {983B9B89-4DC0-455D-A42B-99964B239917}
	EndGlobalSection
EndGlobal
